# THIS IS AN AUTOGENERATED FILE. DO NOT EDIT THIS FILE DIRECTLY.
# yarn lockfile v1


"@polymer/font-roboto@^0.0.3":
  version "0.0.3"
  resolved "https://registry.yarnpkg.com/@polymer/font-roboto/-/font-roboto-0.0.3.tgz#9d58edb660bbed2d4bd29d3bf9b21c20bddd6187"

"skills@http://git.tumo.lab/pathcomponents/skills.git#3.0.0":
  version "3.0.0"
  resolved "http://git.tumo.lab/pathcomponents/skills.git#991dd5e732f462afca35ab40c5349a06f6f59104"
